github.com/newacorn/dog/v2 v2.0.3-0.20230805123336-729f1bf0b331 h1:3wJ1kx8tWxroCEH0Slr4PYxoEGIq+1JDjfFoxq2VPGM=
github.com/newacorn/dog/v2 v2.0.3-0.20230805123336-729f1bf0b331/go.mod h1:fFJOX9Yzl/1x2MY7Ps9tfdWVXic04tSJuzwp+yjORvk=
github.com/newacorn/dog/v2 v2.0.3-0.20230805125029-8fe669a40e02 h1:OcZIpm/6uttJqo4EqZxlL4pAglcew6SEAcmM2/rQ2w4=
github.com/newacorn/dog/v2 v2.0.3-0.20230805125029-8fe669a40e02/go.mod h1:dC+NUNRRSdZ7YK9BzKrg4Lfq3CZTg6kM1oeB7mXF3iA=
github.com/newacorn/tmp3/v2 v2.0.0 h1:/qQRNWUpJlRslXP2wEiReWI9xL5U3Eh+fZVUygpj9U0=
github.com/newacorn/tmp3/v2 v2.0.0/go.mod h1:vStAZYQOprQcBvBGC81/s3/gYEEB+kej1RTyn4icH7k=
